
Microsoft Visual Studio Solution File, Format Version 12.00
# Visual Studio Version 17
VisualStudioVersion = 17.12.35209.166
MinimumVisualStudioVersion = 10.0.40219.1
Project("{FAE04EC0-301F-11D3-BF4B-00C04F79EFBC}") = "MyFirstWebApp", "MyFirstWebApp\MyFirstWebApp.csproj", "{2791DC9D-5490-46B8-9DD3-5BE21876EA34}"
EndProject
Global
	GlobalSection(SolutionConfigurationPlatforms) = preSolution
		Debug|Any CPU = Debug|Any CPU
		Release|Any CPU = Release|Any CPU
	EndGlobalSection
	GlobalSection(ProjectConfigurationPlatforms) = postSolution
		{2791DC9D-5490-46B8-9DD3-5BE21876EA34}.Debug|Any CPU.ActiveCfg = Debug|Any CPU
		{2791DC9D-5490-46B8-9DD3-5BE21876EA34}.Debug|Any CPU.Build.0 = Debug|Any CPU
		{2791DC9D-5490-46B8-9DD3-5BE21876EA34}.Release|Any CPU.ActiveCfg = Release|Any CPU
		{2791DC9D-5490-46B8-9DD3-5BE21876EA34}.Release|Any CPU.Build.0 = Release|Any CPU
	EndGlobalSection
	GlobalSection(SolutionProperties) = preSolution
		HideSolutionNode = FALSE
	EndGlobalSection
	GlobalSection(ExtensibilityGlobals) = postSolution
		SolutionGuid = {7C03C188-8472-45F4-AE12-CEA8E34DA3AA}
	EndGlobalSection
EndGlobal
